
Microsoft Visual Studio Solution File, Format Version 12.00
# Visual Studio Version 17
VisualStudioVersion = 17.9.34728.123
MinimumVisualStudioVersion = 10.0.40219.1
Project("{FAE04EC0-301F-11D3-BF4B-00C04F79EFBC}") = "JwtAuthAspNet", "JwtAuthAspNet\JwtAuthAspNet.csproj", "{01B33CD2-3F7D-453A-BCE3-317E7C437B83}"
EndProject
Global
	GlobalSection(SolutionConfigurationPlatforms) = preSolution
		Debug|Any CPU = Debug|Any CPU
		Release|Any CPU = Release|Any CPU
	EndGlobalSection
	GlobalSection(ProjectConfigurationPlatforms) = postSolution
		{01B33CD2-3F7D-453A-BCE3-317E7C437B83}.Debug|Any CPU.ActiveCfg = Debug|Any CPU
		{01B33CD2-3F7D-453A-BCE3-317E7C437B83}.Debug|Any CPU.Build.0 = Debug|Any CPU
		{01B33CD2-3F7D-453A-BCE3-317E7C437B83}.Release|Any CPU.ActiveCfg = Release|Any CPU
		{01B33CD2-3F7D-453A-BCE3-317E7C437B83}.Release|Any CPU.Build.0 = Release|Any CPU
	EndGlobalSection
	GlobalSection(SolutionProperties) = preSolution
		HideSolutionNode = FALSE
	EndGlobalSection
	GlobalSection(ExtensibilityGlobals) = postSolution
		SolutionGuid = {C2D0961C-68B8-405B-80EB-BE02D1F15FDC}
	EndGlobalSection
EndGlobal
